
Microsoft Visual Studio Solution File, Format Version 12.00
# Visual Studio Version 17
VisualStudioVersion = 17.7.34009.444
MinimumVisualStudioVersion = 10.0.40219.1
Project("{9A19103F-16F7-4668-BE54-9A1E7A4F7556}") = "myriotaUplinkWebhook", "myriotaUplinkWebhook\myriotaUplinkWebhook.csproj", "{654B9F8C-0E88-42E7-9C22-E7D89745AEEE}"
EndProject
Project("{9A19103F-16F7-4668-BE54-9A1E7A4F7556}") = "myriotaAzureIoTConnector", "myriotaAzureIoTConnector\myriotaAzureIoTConnector.csproj", "{A44DA62A-70E0-4C92-B5E0-A04E45918C42}"
EndProject
Project("{9A19103F-16F7-4668-BE54-9A1E7A4F7556}") = "IPayloadFormatter", "IPayloadFormatter\IPayloadFormatter.csproj", "{8979E18F-4689-4EDA-9167-E98FE0F1AED5}"
EndProject
Project("{2150E333-8FDC-42A3-9474-1A3956D46DE8}") = "PayloadFormatters", "PayloadFormatters", "{A7A6DFFF-FDF9-4405-BB36-6846BA48C193}"
EndProject
Project("{2150E333-8FDC-42A3-9474-1A3956D46DE8}") = "Uplink", "Uplink", "{13AC98F2-3FE2-47A4-99C4-DD74D03CF71D}"
	ProjectSection(SolutionItems) = preProject
		PayloadFormatters\default.cs = PayloadFormatters\default.cs
		PayloadFormatters\tracker.cs = PayloadFormatters\tracker.cs
	EndProjectSection
EndProject
Project("{2150E333-8FDC-42A3-9474-1A3956D46DE8}") = "Downlink", "Downlink", "{E7567147-28F2-4F60-B71F-AE127BFB246A}"
EndProject
Project("{FAE04EC0-301F-11D3-BF4B-00C04F79EFBC}") = "UplinkPayloadFormatterTestHarness", "UplinkPayloadFormatterTestHarness\UplinkPayloadFormatterTestHarness.csproj", "{2E5CCA3E-FF39-4D38-B72D-E7D69ADB7F70}"
EndProject
Project("{2150E333-8FDC-42A3-9474-1A3956D46DE8}") = "PayloadFormatterTestHarnesses", "PayloadFormatterTestHarnesses", "{BC070055-C878-4E47-B220-757630C623BA}"
EndProject
Global
	GlobalSection(SolutionConfigurationPlatforms) = preSolution
		Debug|Any CPU = Debug|Any CPU
		Release|Any CPU = Release|Any CPU
	EndGlobalSection
	GlobalSection(ProjectConfigurationPlatforms) = postSolution
		{654B9F8C-0E88-42E7-9C22-E7D89745AEEE}.Debug|Any CPU.ActiveCfg = Debug|Any CPU
		{654B9F8C-0E88-42E7-9C22-E7D89745AEEE}.Debug|Any CPU.Build.0 = Debug|Any CPU
		{654B9F8C-0E88-42E7-9C22-E7D89745AEEE}.Release|Any CPU.ActiveCfg = Release|Any CPU
		{654B9F8C-0E88-42E7-9C22-E7D89745AEEE}.Release|Any CPU.Build.0 = Release|Any CPU
		{A44DA62A-70E0-4C92-B5E0-A04E45918C42}.Debug|Any CPU.ActiveCfg = Debug|Any CPU
		{A44DA62A-70E0-4C92-B5E0-A04E45918C42}.Debug|Any CPU.Build.0 = Debug|Any CPU
		{A44DA62A-70E0-4C92-B5E0-A04E45918C42}.Release|Any CPU.ActiveCfg = Release|Any CPU
		{A44DA62A-70E0-4C92-B5E0-A04E45918C42}.Release|Any CPU.Build.0 = Release|Any CPU
		{8979E18F-4689-4EDA-9167-E98FE0F1AED5}.Debug|Any CPU.ActiveCfg = Debug|Any CPU
		{8979E18F-4689-4EDA-9167-E98FE0F1AED5}.Debug|Any CPU.Build.0 = Debug|Any CPU
		{8979E18F-4689-4EDA-9167-E98FE0F1AED5}.Release|Any CPU.ActiveCfg = Release|Any CPU
		{8979E18F-4689-4EDA-9167-E98FE0F1AED5}.Release|Any CPU.Build.0 = Release|Any CPU
		{2E5CCA3E-FF39-4D38-B72D-E7D69ADB7F70}.Debug|Any CPU.ActiveCfg = Debug|Any CPU
		{2E5CCA3E-FF39-4D38-B72D-E7D69ADB7F70}.Debug|Any CPU.Build.0 = Debug|Any CPU
		{2E5CCA3E-FF39-4D38-B72D-E7D69ADB7F70}.Release|Any CPU.ActiveCfg = Release|Any CPU
		{2E5CCA3E-FF39-4D38-B72D-E7D69ADB7F70}.Release|Any CPU.Build.0 = Release|Any CPU
	EndGlobalSection
	GlobalSection(SolutionProperties) = preSolution
		HideSolutionNode = FALSE
	EndGlobalSection
	GlobalSection(NestedProjects) = preSolution
		{13AC98F2-3FE2-47A4-99C4-DD74D03CF71D} = {A7A6DFFF-FDF9-4405-BB36-6846BA48C193}
		{E7567147-28F2-4F60-B71F-AE127BFB246A} = {A7A6DFFF-FDF9-4405-BB36-6846BA48C193}
		{2E5CCA3E-FF39-4D38-B72D-E7D69ADB7F70} = {BC070055-C878-4E47-B220-757630C623BA}
	EndGlobalSection
	GlobalSection(ExtensibilityGlobals) = postSolution
		SolutionGuid = {B094F977-4714-438F-9063-12311B59E598}
	EndGlobalSection
EndGlobal
